
Microsoft Visual Studio Solution File, Format Version 12.00
# Visual Studio 15
Project("{FAE04EC0-301F-11D3-BF4B-00C04F79EFBC}") = "CSF.PersistenceTester", "CSF.PersistenceTester\CSF.PersistenceTester.csproj", "{5C9BEDC7-6802-455B-97B3-A87803692B3C}"
EndProject
Project("{FAE04EC0-301F-11D3-BF4B-00C04F79EFBC}") = "CSF.PersistenceTester.Tests", "CSF.PersistenceTester.Tests\CSF.PersistenceTester.Tests.csproj", "{35816F67-68D9-43C8-B8E4-A1E42D7B6D88}"
EndProject
Global
	GlobalSection(SolutionConfigurationPlatforms) = preSolution
		Debug|Any CPU = Debug|Any CPU
		Release|Any CPU = Release|Any CPU
	EndGlobalSection
	GlobalSection(ProjectConfigurationPlatforms) = postSolution
		{5C9BEDC7-6802-455B-97B3-A87803692B3C}.Debug|Any CPU.ActiveCfg = Debug|Any CPU
		{5C9BEDC7-6802-455B-97B3-A87803692B3C}.Debug|Any CPU.Build.0 = Debug|Any CPU
		{5C9BEDC7-6802-455B-97B3-A87803692B3C}.Release|Any CPU.ActiveCfg = Release|Any CPU
		{5C9BEDC7-6802-455B-97B3-A87803692B3C}.Release|Any CPU.Build.0 = Release|Any CPU
		{35816F67-68D9-43C8-B8E4-A1E42D7B6D88}.Debug|Any CPU.ActiveCfg = Debug|Any CPU
		{35816F67-68D9-43C8-B8E4-A1E42D7B6D88}.Debug|Any CPU.Build.0 = Debug|Any CPU
		{35816F67-68D9-43C8-B8E4-A1E42D7B6D88}.Release|Any CPU.ActiveCfg = Release|Any CPU
		{35816F67-68D9-43C8-B8E4-A1E42D7B6D88}.Release|Any CPU.Build.0 = Release|Any CPU
	EndGlobalSection
EndGlobal
